# generated by rye
# use `rye lock` or `rye sync` to update this lockfile
#
# last locked with the following flags:
#   pre: false
#   features: []
#   all-features: false
#   with-sources: false

-e file:.
appdirs==1.4.4
    # via yfinance
beautifulsoup4==4.12.3
    # via yfinance
certifi==2024.2.2
    # via requests
charset-normalizer==3.3.2
    # via requests
contourpy==1.2.1
    # via matplotlib
cycler==0.12.1
    # via matplotlib
fonttools==4.51.0
    # via matplotlib
frozendict==2.4.2
    # via yfinance
html5lib==1.1
    # via yfinance
idna==3.7
    # via requests
kiwisolver==1.4.5
    # via matplotlib
lxml==5.2.1
    # via pandas-datareader
    # via yfinance
matplotlib==3.8.4
    # via pystock
multitasking==0.0.11
    # via yfinance
numpy==1.26.4
    # via contourpy
    # via matplotlib
    # via pandas
    # via pystock
    # via scipy
    # via yfinance
packaging==24.0
    # via matplotlib
pandas==2.2.2
    # via pandas-datareader
    # via pystock
    # via yfinance
pandas-datareader==0.10.0
    # via pystock
peewee==3.17.3
    # via yfinance
pillow==10.3.0
    # via matplotlib
pyparsing==3.1.2
    # via matplotlib
python-dateutil==2.9.0.post0
    # via matplotlib
    # via pandas
pytz==2024.1
    # via pandas
    # via yfinance
requests==2.31.0
    # via pandas-datareader
    # via yfinance
scipy==1.13.0
    # via pystock
six==1.16.0
    # via html5lib
    # via python-dateutil
soupsieve==2.5
    # via beautifulsoup4
tzdata==2024.1
    # via pandas
urllib3==2.2.1
    # via requests
webencodings==0.5.1
    # via html5lib
yfinance==0.2.38
    # via pystock
